{
  "com.google.code.findbugs:jsr305:3.0.2": {
    "jsr305-3.0.2.jar": {
      "url": "https://repo.maven.apache.org/maven2/com/google/code/findbugs/jsr305/3.0.2/jsr305-3.0.2.jar",
      "hash": "sha256-dmrSoHg/JoeWLIrXTO7MOKKLn3Ki0IXuQ4t4E+ko0Mc="
    },
    "jsr305-3.0.2.pom": {
      "url": "https://repo.maven.apache.org/maven2/com/google/code/findbugs/jsr305/3.0.2/jsr305-3.0.2.pom",
      "hash": "sha256-GYidvfGyVLJgGl7mRbgUepdGRIgil2hMeYr+XWPXjf4="
    }
  },
  "com.google.code.gson:gson:2.10.1": {
    "gson-2.10.1.jar": {
      "url": "https://plugins.gradle.org/m2/com/google/code/gson/gson/2.10.1/gson-2.10.1.jar",
      "hash": "sha256-QkHBSncnw0/uplB+yAExij1KkPBw5FJWgQefuU7kxZM="
    },
    "gson-2.10.1.pom": {
      "url": "https://plugins.gradle.org/m2/com/google/code/gson/gson/2.10.1/gson-2.10.1.pom",
      "hash": "sha256-0rEVY09cCF20ucn/wmWOieIx/b++IkISGhzZXU2Ujdc="
    }
  },
  "com.google.code.gson:gson-parent:2.10.1": {
    "gson-parent-2.10.1.pom": {
      "url": "https://plugins.gradle.org/m2/com/google/code/gson/gson-parent/2.10.1/gson-parent-2.10.1.pom",
      "hash": "sha256-QkjgiCQmxhUYI4XWCGw+8yYudplXGJ4pMGKAuFSCuDM="
    }
  },
  "com.google.errorprone:error_prone_annotations:2.21.1": {
    "error_prone_annotations-2.21.1.jar": {
      "url": "https://repo.maven.apache.org/maven2/com/google/errorprone/error_prone_annotations/2.21.1/error_prone_annotations-2.21.1.jar",
      "hash": "sha256-0fPGaqkaxSVJ4Arjsgi6S5r31y1o8jBkNVO+s45hGKw="
    },
    "error_prone_annotations-2.21.1.pom": {
      "url": "https://repo.maven.apache.org/maven2/com/google/errorprone/error_prone_annotations/2.21.1/error_prone_annotations-2.21.1.pom",
      "hash": "sha256-9ZiID+766p1nTcQdsTqzcAS/A3drW7IcBN7ejpIMHxI="
    }
  },
  "com.google.errorprone:error_prone_parent:2.21.1": {
    "error_prone_parent-2.21.1.pom": {
      "url": "https://repo.maven.apache.org/maven2/com/google/errorprone/error_prone_parent/2.21.1/error_prone_parent-2.21.1.pom",
      "hash": "sha256-MrsLX/JB/Wuh/upEiuu5zt7xaZvnPLbzGTZTh7gr+Sw="
    }
  },
  "com.google.guava:failureaccess:1.0.1": {
    "failureaccess-1.0.1.jar": {
      "url": "https://repo.maven.apache.org/maven2/com/google/guava/failureaccess/1.0.1/failureaccess-1.0.1.jar",
      "hash": "sha256-oXHuTHNN0tqDfksWvp30Zhr6typBra8x64Tf2vk2yiY="
    },
    "failureaccess-1.0.1.pom": {
      "url": "https://repo.maven.apache.org/maven2/com/google/guava/failureaccess/1.0.1/failureaccess-1.0.1.pom",
      "hash": "sha256-6WBCznj+y6DaK+lkUilHyHtAopG1/TzWcqQ0kkEDxLk="
    }
  },
  "com.google.guava:guava:32.1.3-jre": {
    "guava-32.1.3-jre.jar": {
      "url": "https://repo.maven.apache.org/maven2/com/google/guava/guava/32.1.3-jre/guava-32.1.3-jre.jar",
      "hash": "sha256-bU4rWhGKq2Lm5eKdGFoCJO7YLIXECsPTPPBKJww7N0Q="
    },
    "guava-32.1.3-jre.module": {
      "url": "https://repo.maven.apache.org/maven2/com/google/guava/guava/32.1.3-jre/guava-32.1.3-jre.module",
      "hash": "sha256-9f/3ZCwS52J7wUKJ/SZ+JgLBf5WQ4jUiw+YxB/YcKUI="
    },
    "guava-32.1.3-jre.pom": {
      "url": "https://repo.maven.apache.org/maven2/com/google/guava/guava/32.1.3-jre/guava-32.1.3-jre.pom",
      "hash": "sha256-cA5tRudbWTmiKkHCXsK7Ei88vvTv7UXjMS/dy+mT2zM="
    }
  },
  "com.google.guava:guava-parent:32.1.3-jre": {
    "guava-parent-32.1.3-jre.pom": {
      "url": "https://repo.maven.apache.org/maven2/com/google/guava/guava-parent/32.1.3-jre/guava-parent-32.1.3-jre.pom",
      "hash": "sha256-8oPB8EiXqaiKP6T/RoBOZeghFICaCc0ECUv33gGxhXs="
    }
  },
  "com.google.guava:guava-parent:26.0-android": {
    "guava-parent-26.0-android.pom": {
      "url": "https://repo.maven.apache.org/maven2/com/google/guava/guava-parent/26.0-android/guava-parent-26.0-android.pom",
      "hash": "sha256-+GmKtGypls6InBr8jKTyXrisawNNyJjUWDdCNgAWzAQ="
    }
  },
  "com.google.guava:listenablefuture:9999.0-empty-to-avoid-conflict-with-guava": {
    "listenablefuture-9999.0-empty-to-avoid-conflict-with-guava.jar": {
      "url": "https://repo.maven.apache.org/maven2/com/google/guava/listenablefuture/9999.0-empty-to-avoid-conflict-with-guava/listenablefuture-9999.0-empty-to-avoid-conflict-with-guava.jar",
      "hash": "sha256-s3KgN9QjCqV/vv/e8w/WEj+cDC24XQrO0AyRuXTzP5k="
    },
    "listenablefuture-9999.0-empty-to-avoid-conflict-with-guava.pom": {
      "url": "https://repo.maven.apache.org/maven2/com/google/guava/listenablefuture/9999.0-empty-to-avoid-conflict-with-guava/listenablefuture-9999.0-empty-to-avoid-conflict-with-guava.pom",
      "hash": "sha256-GNSx2yYVPU5VB5zh92ux/gXNuGLvmVSojLzE/zi4Z5s="
    }
  },
  "com.google.j2objc:j2objc-annotations:2.8": {
    "j2objc-annotations-2.8.jar": {
      "url": "https://repo.maven.apache.org/maven2/com/google/j2objc/j2objc-annotations/2.8/j2objc-annotations-2.8.jar",
      "hash": "sha256-8CqV+hpele2z7YWf0Pt99wnRIaNSkO/4t03OKrf01u0="
    },
    "j2objc-annotations-2.8.pom": {
      "url": "https://repo.maven.apache.org/maven2/com/google/j2objc/j2objc-annotations/2.8/j2objc-annotations-2.8.pom",
      "hash": "sha256-N/h3mLGDhRE8kYv6nhJ2/lBzXvj6hJtYAMUZ1U2/Efg="
    }
  },
  "junit:junit:4.13.2": {
    "junit-4.13.2.jar": {
      "url": "https://repo.maven.apache.org/maven2/junit/junit/4.13.2/junit-4.13.2.jar",
      "hash": "sha256-jklbY0Rp1k+4rPo0laBly6zIoP/1XOHjEAe+TBbcV9M="
    },
    "junit-4.13.2.pom": {
      "url": "https://repo.maven.apache.org/maven2/junit/junit/4.13.2/junit-4.13.2.pom",
      "hash": "sha256-Vptpd+5GA8llwcRsMFj6bpaSkbAWDraWTdCSzYnq3ZQ="
    }
  },
  "org.checkerframework:checker-qual:3.37.0": {
    "checker-qual-3.37.0.jar": {
      "url": "https://repo.maven.apache.org/maven2/org/checkerframework/checker-qual/3.37.0/checker-qual-3.37.0.jar",
      "hash": "sha256-5M4TdswnNeHd4iC2KtCRP1EpdwTarRVaM/OGvF2w2fc="
    },
    "checker-qual-3.37.0.module": {
      "url": "https://repo.maven.apache.org/maven2/org/checkerframework/checker-qual/3.37.0/checker-qual-3.37.0.module",
      "hash": "sha256-clinadyqJrmBVNIp2FzHLls2ZrC8tjfS2vFuxJiVZjg="
    },
    "checker-qual-3.37.0.pom": {
      "url": "https://repo.maven.apache.org/maven2/org/checkerframework/checker-qual/3.37.0/checker-qual-3.37.0.pom",
      "hash": "sha256-AjkvvUziGQH5RWFUcrHU1NNZGzqr3wExBfXJLsMstPA="
    }
  },
  "org.gradle.toolchains:foojay-resolver:0.8.0": {
    "foojay-resolver-0.8.0.jar": {
      "url": "https://plugins.gradle.org/m2/org/gradle/toolchains/foojay-resolver/0.8.0/foojay-resolver-0.8.0.jar",
      "hash": "sha256-+Q5pNRY46QueyYSOdZ0hhjWQfAklQRkRUAN7CyLlFAw="
    },
    "foojay-resolver-0.8.0.module": {
      "url": "https://plugins.gradle.org/m2/org/gradle/toolchains/foojay-resolver/0.8.0/foojay-resolver-0.8.0.module",
      "hash": "sha256-jDzPVNoHLGSkDgaIKqplIzbLKe7C6iMPBtaEOrs4TVE="
    },
    "foojay-resolver-0.8.0.pom": {
      "url": "https://plugins.gradle.org/m2/org/gradle/toolchains/foojay-resolver/0.8.0/foojay-resolver-0.8.0.pom",
      "hash": "sha256-pxZyrK0MCu4576V1P1yU+aSjWh2sBl4ii8rDQt6nxUg="
    }
  },
  "org.gradle.toolchains.foojay-resolver-convention:org.gradle.toolchains.foojay-resolver-convention.gradle.plugin:0.8.0": {
    "org.gradle.toolchains.foojay-resolver-convention.gradle.plugin-0.8.0.pom": {
      "url": "https://plugins.gradle.org/m2/org/gradle/toolchains/foojay-resolver-convention/org.gradle.toolchains.foojay-resolver-convention.gradle.plugin/0.8.0/org.gradle.toolchains.foojay-resolver-convention.gradle.plugin-0.8.0.pom",
      "hash": "sha256-O2ciN72cwejoyobvWnkgpnj2nQTS9L+9DFouedRcXLU="
    }
  },
  "org.hamcrest:hamcrest-core:1.3": {
    "hamcrest-core-1.3.jar": {
      "url": "https://repo.maven.apache.org/maven2/org/hamcrest/hamcrest-core/1.3/hamcrest-core-1.3.jar",
      "hash": "sha256-Zv3vkelzk0jfeglqo4SlaF9Oh1WEzOiThqekclHE2Ok="
    },
    "hamcrest-core-1.3.pom": {
      "url": "https://repo.maven.apache.org/maven2/org/hamcrest/hamcrest-core/1.3/hamcrest-core-1.3.pom",
      "hash": "sha256-/eOGp5BRc6GxA95quCBydYS1DQ4yKC4nl3h8IKZP+pM="
    }
  },
  "org.hamcrest:hamcrest-parent:1.3": {
    "hamcrest-parent-1.3.pom": {
      "url": "https://repo.maven.apache.org/maven2/org/hamcrest/hamcrest-parent/1.3/hamcrest-parent-1.3.pom",
      "hash": "sha256-bVNflO+2Y722gsnyelAzU5RogAlkK6epZ3UEvBvkEps="
    }
  },
  "org.sonatype.oss:oss-parent:9": {
    "oss-parent-9.pom": {
      "url": "https://repo.maven.apache.org/maven2/org/sonatype/oss/oss-parent/9/oss-parent-9.pom",
      "hash": "sha256-+0AmX5glSCEv+C42LllzKyGH7G8NgBgohcFO8fmCgno="
    }
  },
  "org.sonatype.oss:oss-parent:7": {
    "oss-parent-7.pom": {
      "url": "https://repo.maven.apache.org/maven2/org/sonatype/oss/oss-parent/7/oss-parent-7.pom",
      "hash": "sha256-tR+IZ8kranIkmVV/w6H96ne9+e9XRyL+kM5DailVlFQ="
    }
  }
}